
Microsoft Visual Studio Solution File, Format Version 12.00
# Visual Studio Version 17
VisualStudioVersion = 17.13.35931.197 d17.13
MinimumVisualStudioVersion = 10.0.40219.1
Project("{FAE04EC0-301F-11D3-BF4B-00C04F79EFBC}") = "Exam.PL", "Exam.PL\Exam.PL.csproj", "{4A36ABE2-F11A-4761-87D6-761AFAAFF704}"
EndProject
Project("{FAE04EC0-301F-11D3-BF4B-00C04F79EFBC}") = "Exam.DAL", "Exam.DAL\Exam.DAL.csproj", "{6FEA9552-9FC8-4D4D-8E11-537F045E3BF9}"
EndProject
Project("{FAE04EC0-301F-11D3-BF4B-00C04F79EFBC}") = "Exam.BLL", "Exam.BLL\Exam.BLL.csproj", "{326B34A6-14A5-46B9-B13F-08A59B77BB44}"
EndProject
Global
	GlobalSection(SolutionConfigurationPlatforms) = preSolution
		Debug|Any CPU = Debug|Any CPU
		Release|Any CPU = Release|Any CPU
	EndGlobalSection
	GlobalSection(ProjectConfigurationPlatforms) = postSolution
		{4A36ABE2-F11A-4761-87D6-761AFAAFF704}.Debug|Any CPU.ActiveCfg = Debug|Any CPU
		{4A36ABE2-F11A-4761-87D6-761AFAAFF704}.Debug|Any CPU.Build.0 = Debug|Any CPU
		{4A36ABE2-F11A-4761-87D6-761AFAAFF704}.Release|Any CPU.ActiveCfg = Release|Any CPU
		{4A36ABE2-F11A-4761-87D6-761AFAAFF704}.Release|Any CPU.Build.0 = Release|Any CPU
		{6FEA9552-9FC8-4D4D-8E11-537F045E3BF9}.Debug|Any CPU.ActiveCfg = Debug|Any CPU
		{6FEA9552-9FC8-4D4D-8E11-537F045E3BF9}.Debug|Any CPU.Build.0 = Debug|Any CPU
		{6FEA9552-9FC8-4D4D-8E11-537F045E3BF9}.Release|Any CPU.ActiveCfg = Release|Any CPU
		{6FEA9552-9FC8-4D4D-8E11-537F045E3BF9}.Release|Any CPU.Build.0 = Release|Any CPU
		{326B34A6-14A5-46B9-B13F-08A59B77BB44}.Debug|Any CPU.ActiveCfg = Debug|Any CPU
		{326B34A6-14A5-46B9-B13F-08A59B77BB44}.Debug|Any CPU.Build.0 = Debug|Any CPU
		{326B34A6-14A5-46B9-B13F-08A59B77BB44}.Release|Any CPU.ActiveCfg = Release|Any CPU
		{326B34A6-14A5-46B9-B13F-08A59B77BB44}.Release|Any CPU.Build.0 = Release|Any CPU
	EndGlobalSection
	GlobalSection(SolutionProperties) = preSolution
		HideSolutionNode = FALSE
	EndGlobalSection
	GlobalSection(ExtensibilityGlobals) = postSolution
		SolutionGuid = {7D59E626-94E2-499C-B544-A23A4767BE3E}
	EndGlobalSection
EndGlobal
